
Microsoft Visual Studio Solution File, Format Version 12.00
# Visual Studio 2013
VisualStudioVersion = 12.0.31101.0
MinimumVisualStudioVersion = 10.0.40219.1
Project("{FAE04EC0-301F-11D3-BF4B-00C04F79EFBC}") = "BehaviorsTriggers", "BehaviorsTriggers\BehaviorsTriggers\BehaviorsTriggers.csproj", "{D9F8DC68-94E9-4186-B7D7-BA0D8FE30545}"
EndProject
Project("{FAE04EC0-301F-11D3-BF4B-00C04F79EFBC}") = "BehaviorsTriggers.iOS", "BehaviorsTriggers\BehaviorsTriggers.iOS\BehaviorsTriggers.iOS.csproj", "{6FF74C77-E263-4C3C-9AD3-A359992C3E06}"
EndProject
Project("{FAE04EC0-301F-11D3-BF4B-00C04F79EFBC}") = "BehaviorsTriggers.Droid", "BehaviorsTriggers\BehaviorsTriggers.Droid\BehaviorsTriggers.Droid.csproj", "{8040A2F0-77B2-4E1A-B33C-C1526DD1D90D}"
EndProject
Project("{FAE04EC0-301F-11D3-BF4B-00C04F79EFBC}") = "BehaviorsTriggers.WinPhone", "BehaviorsTriggers\BehaviorsTriggers.WinPhone\BehaviorsTriggers.WinPhone.csproj", "{7C888953-B854-44E4-889D-05FBB903B348}"
EndProject
Global
	GlobalSection(SolutionConfigurationPlatforms) = preSolution
		Ad-Hoc|Any CPU = Ad-Hoc|Any CPU
		Ad-Hoc|ARM = Ad-Hoc|ARM
		Ad-Hoc|iPhone = Ad-Hoc|iPhone
		Ad-Hoc|iPhoneSimulator = Ad-Hoc|iPhoneSimulator
		Ad-Hoc|Mixed Platforms = Ad-Hoc|Mixed Platforms
		Ad-Hoc|x86 = Ad-Hoc|x86
		AppStore|Any CPU = AppStore|Any CPU
		AppStore|ARM = AppStore|ARM
		AppStore|iPhone = AppStore|iPhone
		AppStore|iPhoneSimulator = AppStore|iPhoneSimulator
		AppStore|Mixed Platforms = AppStore|Mixed Platforms
		AppStore|x86 = AppStore|x86
		Debug|Any CPU = Debug|Any CPU
		Debug|ARM = Debug|ARM
		Debug|iPhone = Debug|iPhone
		Debug|iPhoneSimulator = Debug|iPhoneSimulator
		Debug|Mixed Platforms = Debug|Mixed Platforms
		Debug|x86 = Debug|x86
		Release|Any CPU = Release|Any CPU
		Release|ARM = Release|ARM
		Release|iPhone = Release|iPhone
		Release|iPhoneSimulator = Release|iPhoneSimulator
		Release|Mixed Platforms = Release|Mixed Platforms
		Release|x86 = Release|x86
	EndGlobalSection
	GlobalSection(ProjectConfigurationPlatforms) = postSolution
		{D9F8DC68-94E9-4186-B7D7-BA0D8FE30545}.Ad-Hoc|Any CPU.ActiveCfg = Release|Any CPU
		{D9F8DC68-94E9-4186-B7D7-BA0D8FE30545}.Ad-Hoc|Any CPU.Build.0 = Release|Any CPU
		{D9F8DC68-94E9-4186-B7D7-BA0D8FE30545}.Ad-Hoc|ARM.ActiveCfg = Release|Any CPU
		{D9F8DC68-94E9-4186-B7D7-BA0D8FE30545}.Ad-Hoc|iPhone.ActiveCfg = Release|Any CPU
		{D9F8DC68-94E9-4186-B7D7-BA0D8FE30545}.Ad-Hoc|iPhoneSimulator.ActiveCfg = Release|Any CPU
		{D9F8DC68-94E9-4186-B7D7-BA0D8FE30545}.Ad-Hoc|Mixed Platforms.ActiveCfg = Release|Any CPU
		{D9F8DC68-94E9-4186-B7D7-BA0D8FE30545}.Ad-Hoc|Mixed Platforms.Build.0 = Release|Any CPU
		{D9F8DC68-94E9-4186-B7D7-BA0D8FE30545}.Ad-Hoc|x86.ActiveCfg = Release|Any CPU
		{D9F8DC68-94E9-4186-B7D7-BA0D8FE30545}.AppStore|Any CPU.ActiveCfg = Release|Any CPU
		{D9F8DC68-94E9-4186-B7D7-BA0D8FE30545}.AppStore|Any CPU.Build.0 = Release|Any CPU
		{D9F8DC68-94E9-4186-B7D7-BA0D8FE30545}.AppStore|ARM.ActiveCfg = Release|Any CPU
		{D9F8DC68-94E9-4186-B7D7-BA0D8FE30545}.AppStore|iPhone.ActiveCfg = Release|Any CPU
		{D9F8DC68-94E9-4186-B7D7-BA0D8FE30545}.AppStore|iPhoneSimulator.ActiveCfg = Release|Any CPU
		{D9F8DC68-94E9-4186-B7D7-BA0D8FE30545}.AppStore|Mixed Platforms.ActiveCfg = Release|Any CPU
		{D9F8DC68-94E9-4186-B7D7-BA0D8FE30545}.AppStore|Mixed Platforms.Build.0 = Release|Any CPU
		{D9F8DC68-94E9-4186-B7D7-BA0D8FE30545}.AppStore|x86.ActiveCfg = Release|Any CPU
		{D9F8DC68-94E9-4186-B7D7-BA0D8FE30545}.Debug|Any CPU.ActiveCfg = Debug|Any CPU
		{D9F8DC68-94E9-4186-B7D7-BA0D8FE30545}.Debug|Any CPU.Build.0 = Debug|Any CPU
		{D9F8DC68-94E9-4186-B7D7-BA0D8FE30545}.Debug|ARM.ActiveCfg = Debug|Any CPU
		{D9F8DC68-94E9-4186-B7D7-BA0D8FE30545}.Debug|iPhone.ActiveCfg = Debug|Any CPU
		{D9F8DC68-94E9-4186-B7D7-BA0D8FE30545}.Debug|iPhoneSimulator.ActiveCfg = Debug|Any CPU
		{D9F8DC68-94E9-4186-B7D7-BA0D8FE30545}.Debug|Mixed Platforms.ActiveCfg = Debug|Any CPU
		{D9F8DC68-94E9-4186-B7D7-BA0D8FE30545}.Debug|Mixed Platforms.Build.0 = Debug|Any CPU
		{D9F8DC68-94E9-4186-B7D7-BA0D8FE30545}.Debug|x86.ActiveCfg = Debug|Any CPU
		{D9F8DC68-94E9-4186-B7D7-BA0D8FE30545}.Release|Any CPU.ActiveCfg = Release|Any CPU
		{D9F8DC68-94E9-4186-B7D7-BA0D8FE30545}.Release|Any CPU.Build.0 = Release|Any CPU
		{D9F8DC68-94E9-4186-B7D7-BA0D8FE30545}.Release|ARM.ActiveCfg = Release|Any CPU
		{D9F8DC68-94E9-4186-B7D7-BA0D8FE30545}.Release|iPhone.ActiveCfg = Release|Any CPU
		{D9F8DC68-94E9-4186-B7D7-BA0D8FE30545}.Release|iPhoneSimulator.ActiveCfg = Release|Any CPU
		{D9F8DC68-94E9-4186-B7D7-BA0D8FE30545}.Release|Mixed Platforms.ActiveCfg = Release|Any CPU
		{D9F8DC68-94E9-4186-B7D7-BA0D8FE30545}.Release|Mixed Platforms.Build.0 = Release|Any CPU
		{D9F8DC68-94E9-4186-B7D7-BA0D8FE30545}.Release|x86.ActiveCfg = Release|Any CPU
		{6FF74C77-E263-4C3C-9AD3-A359992C3E06}.Ad-Hoc|Any CPU.ActiveCfg = Ad-Hoc|iPhone
		{6FF74C77-E263-4C3C-9AD3-A359992C3E06}.Ad-Hoc|ARM.ActiveCfg = Ad-Hoc|iPhone
		{6FF74C77-E263-4C3C-9AD3-A359992C3E06}.Ad-Hoc|iPhone.ActiveCfg = Ad-Hoc|iPhone
		{6FF74C77-E263-4C3C-9AD3-A359992C3E06}.Ad-Hoc|iPhone.Build.0 = Ad-Hoc|iPhone
		{6FF74C77-E263-4C3C-9AD3-A359992C3E06}.Ad-Hoc|iPhoneSimulator.ActiveCfg = Ad-Hoc|iPhoneSimulator
		{6FF74C77-E263-4C3C-9AD3-A359992C3E06}.Ad-Hoc|iPhoneSimulator.Build.0 = Ad-Hoc|iPhoneSimulator
		{6FF74C77-E263-4C3C-9AD3-A359992C3E06}.Ad-Hoc|Mixed Platforms.ActiveCfg = Ad-Hoc|iPhone
		{6FF74C77-E263-4C3C-9AD3-A359992C3E06}.Ad-Hoc|Mixed Platforms.Build.0 = Ad-Hoc|iPhone
		{6FF74C77-E263-4C3C-9AD3-A359992C3E06}.Ad-Hoc|x86.ActiveCfg = Ad-Hoc|iPhone
		{6FF74C77-E263-4C3C-9AD3-A359992C3E06}.AppStore|Any CPU.ActiveCfg = AppStore|iPhone
		{6FF74C77-E263-4C3C-9AD3-A359992C3E06}.AppStore|ARM.ActiveCfg = AppStore|iPhone
		{6FF74C77-E263-4C3C-9AD3-A359992C3E06}.AppStore|iPhone.ActiveCfg = AppStore|iPhone
		{6FF74C77-E263-4C3C-9AD3-A359992C3E06}.AppStore|iPhone.Build.0 = AppStore|iPhone
		{6FF74C77-E263-4C3C-9AD3-A359992C3E06}.AppStore|iPhoneSimulator.ActiveCfg = AppStore|iPhoneSimulator
		{6FF74C77-E263-4C3C-9AD3-A359992C3E06}.AppStore|iPhoneSimulator.Build.0 = AppStore|iPhoneSimulator
		{6FF74C77-E263-4C3C-9AD3-A359992C3E06}.AppStore|Mixed Platforms.ActiveCfg = AppStore|iPhone
		{6FF74C77-E263-4C3C-9AD3-A359992C3E06}.AppStore|Mixed Platforms.Build.0 = AppStore|iPhone
		{6FF74C77-E263-4C3C-9AD3-A359992C3E06}.AppStore|x86.ActiveCfg = AppStore|iPhone
		{6FF74C77-E263-4C3C-9AD3-A359992C3E06}.Debug|Any CPU.ActiveCfg = Debug|iPhone
		{6FF74C77-E263-4C3C-9AD3-A359992C3E06}.Debug|ARM.ActiveCfg = Debug|iPhone
		{6FF74C77-E263-4C3C-9AD3-A359992C3E06}.Debug|iPhone.ActiveCfg = Debug|iPhone
		{6FF74C77-E263-4C3C-9AD3-A359992C3E06}.Debug|iPhone.Build.0 = Debug|iPhone
		{6FF74C77-E263-4C3C-9AD3-A359992C3E06}.Debug|iPhoneSimulator.ActiveCfg = Debug|iPhoneSimulator
		{6FF74C77-E263-4C3C-9AD3-A359992C3E06}.Debug|iPhoneSimulator.Build.0 = Debug|iPhoneSimulator
		{6FF74C77-E263-4C3C-9AD3-A359992C3E06}.Debug|Mixed Platforms.ActiveCfg = Debug|iPhone
		{6FF74C77-E263-4C3C-9AD3-A359992C3E06}.Debug|Mixed Platforms.Build.0 = Debug|iPhone
		{6FF74C77-E263-4C3C-9AD3-A359992C3E06}.Debug|x86.ActiveCfg = Debug|iPhone
		{6FF74C77-E263-4C3C-9AD3-A359992C3E06}.Release|Any CPU.ActiveCfg = Release|iPhone
		{6FF74C77-E263-4C3C-9AD3-A359992C3E06}.Release|ARM.ActiveCfg = Release|iPhone
		{6FF74C77-E263-4C3C-9AD3-A359992C3E06}.Release|iPhone.ActiveCfg = Release|iPhone
		{6FF74C77-E263-4C3C-9AD3-A359992C3E06}.Release|iPhone.Build.0 = Release|iPhone
		{6FF74C77-E263-4C3C-9AD3-A359992C3E06}.Release|iPhoneSimulator.ActiveCfg = Release|iPhoneSimulator
		{6FF74C77-E263-4C3C-9AD3-A359992C3E06}.Release|iPhoneSimulator.Build.0 = Release|iPhoneSimulator
		{6FF74C77-E263-4C3C-9AD3-A359992C3E06}.Release|Mixed Platforms.ActiveCfg = Release|iPhone
		{6FF74C77-E263-4C3C-9AD3-A359992C3E06}.Release|Mixed Platforms.Build.0 = Release|iPhone
		{6FF74C77-E263-4C3C-9AD3-A359992C3E06}.Release|x86.ActiveCfg = Release|iPhone
		{8040A2F0-77B2-4E1A-B33C-C1526DD1D90D}.Ad-Hoc|Any CPU.ActiveCfg = Release|Any CPU
		{8040A2F0-77B2-4E1A-B33C-C1526DD1D90D}.Ad-Hoc|Any CPU.Build.0 = Release|Any CPU
		{8040A2F0-77B2-4E1A-B33C-C1526DD1D90D}.Ad-Hoc|Any CPU.Deploy.0 = Release|Any CPU
		{8040A2F0-77B2-4E1A-B33C-C1526DD1D90D}.Ad-Hoc|ARM.ActiveCfg = Release|Any CPU
		{8040A2F0-77B2-4E1A-B33C-C1526DD1D90D}.Ad-Hoc|iPhone.ActiveCfg = Release|Any CPU
		{8040A2F0-77B2-4E1A-B33C-C1526DD1D90D}.Ad-Hoc|iPhoneSimulator.ActiveCfg = Release|Any CPU
		{8040A2F0-77B2-4E1A-B33C-C1526DD1D90D}.Ad-Hoc|Mixed Platforms.ActiveCfg = Release|Any CPU
		{8040A2F0-77B2-4E1A-B33C-C1526DD1D90D}.Ad-Hoc|Mixed Platforms.Build.0 = Release|Any CPU
		{8040A2F0-77B2-4E1A-B33C-C1526DD1D90D}.Ad-Hoc|Mixed Platforms.Deploy.0 = Release|Any CPU
		{8040A2F0-77B2-4E1A-B33C-C1526DD1D90D}.Ad-Hoc|x86.ActiveCfg = Release|Any CPU
		{8040A2F0-77B2-4E1A-B33C-C1526DD1D90D}.AppStore|Any CPU.ActiveCfg = Release|Any CPU
		{8040A2F0-77B2-4E1A-B33C-C1526DD1D90D}.AppStore|Any CPU.Build.0 = Release|Any CPU
		{8040A2F0-77B2-4E1A-B33C-C1526DD1D90D}.AppStore|Any CPU.Deploy.0 = Release|Any CPU
		{8040A2F0-77B2-4E1A-B33C-C1526DD1D90D}.AppStore|ARM.ActiveCfg = Release|Any CPU
		{8040A2F0-77B2-4E1A-B33C-C1526DD1D90D}.AppStore|iPhone.ActiveCfg = Release|Any CPU
		{8040A2F0-77B2-4E1A-B33C-C1526DD1D90D}.AppStore|iPhoneSimulator.ActiveCfg = Release|Any CPU
		{8040A2F0-77B2-4E1A-B33C-C1526DD1D90D}.AppStore|Mixed Platforms.ActiveCfg = Release|Any CPU
		{8040A2F0-77B2-4E1A-B33C-C1526DD1D90D}.AppStore|Mixed Platforms.Build.0 = Release|Any CPU
		{8040A2F0-77B2-4E1A-B33C-C1526DD1D90D}.AppStore|Mixed Platforms.Deploy.0 = Release|Any CPU
		{8040A2F0-77B2-4E1A-B33C-C1526DD1D90D}.AppStore|x86.ActiveCfg = Release|Any CPU
		{8040A2F0-77B2-4E1A-B33C-C1526DD1D90D}.Debug|Any CPU.ActiveCfg = Debug|Any CPU
		{8040A2F0-77B2-4E1A-B33C-C1526DD1D90D}.Debug|Any CPU.Build.0 = Debug|Any CPU
		{8040A2F0-77B2-4E1A-B33C-C1526DD1D90D}.Debug|Any CPU.Deploy.0 = Debug|Any CPU
		{8040A2F0-77B2-4E1A-B33C-C1526DD1D90D}.Debug|ARM.ActiveCfg = Debug|Any CPU
		{8040A2F0-77B2-4E1A-B33C-C1526DD1D90D}.Debug|iPhone.ActiveCfg = Debug|Any CPU
		{8040A2F0-77B2-4E1A-B33C-C1526DD1D90D}.Debug|iPhoneSimulator.ActiveCfg = Debug|Any CPU
		{8040A2F0-77B2-4E1A-B33C-C1526DD1D90D}.Debug|Mixed Platforms.ActiveCfg = Debug|Any CPU
		{8040A2F0-77B2-4E1A-B33C-C1526DD1D90D}.Debug|Mixed Platforms.Build.0 = Debug|Any CPU
		{8040A2F0-77B2-4E1A-B33C-C1526DD1D90D}.Debug|Mixed Platforms.Deploy.0 = Debug|Any CPU
		{8040A2F0-77B2-4E1A-B33C-C1526DD1D90D}.Debug|x86.ActiveCfg = Debug|Any CPU
		{8040A2F0-77B2-4E1A-B33C-C1526DD1D90D}.Release|Any CPU.ActiveCfg = Release|Any CPU
		{8040A2F0-77B2-4E1A-B33C-C1526DD1D90D}.Release|Any CPU.Build.0 = Release|Any CPU
		{8040A2F0-77B2-4E1A-B33C-C1526DD1D90D}.Release|Any CPU.Deploy.0 = Release|Any CPU
		{8040A2F0-77B2-4E1A-B33C-C1526DD1D90D}.Release|ARM.ActiveCfg = Release|Any CPU
		{8040A2F0-77B2-4E1A-B33C-C1526DD1D90D}.Release|iPhone.ActiveCfg = Release|Any CPU
		{8040A2F0-77B2-4E1A-B33C-C1526DD1D90D}.Release|iPhoneSimulator.ActiveCfg = Release|Any CPU
		{8040A2F0-77B2-4E1A-B33C-C1526DD1D90D}.Release|Mixed Platforms.ActiveCfg = Release|Any CPU
		{8040A2F0-77B2-4E1A-B33C-C1526DD1D90D}.Release|Mixed Platforms.Build.0 = Release|Any CPU
		{8040A2F0-77B2-4E1A-B33C-C1526DD1D90D}.Release|Mixed Platforms.Deploy.0 = Release|Any CPU
		{8040A2F0-77B2-4E1A-B33C-C1526DD1D90D}.Release|x86.ActiveCfg = Release|Any CPU
		{7C888953-B854-44E4-889D-05FBB903B348}.Ad-Hoc|Any CPU.ActiveCfg = Release|Any CPU
		{7C888953-B854-44E4-889D-05FBB903B348}.Ad-Hoc|Any CPU.Build.0 = Release|Any CPU
		{7C888953-B854-44E4-889D-05FBB903B348}.Ad-Hoc|Any CPU.Deploy.0 = Release|Any CPU
		{7C888953-B854-44E4-889D-05FBB903B348}.Ad-Hoc|ARM.ActiveCfg = Release|ARM
		{7C888953-B854-44E4-889D-05FBB903B348}.Ad-Hoc|ARM.Build.0 = Release|ARM
		{7C888953-B854-44E4-889D-05FBB903B348}.Ad-Hoc|ARM.Deploy.0 = Release|ARM
		{7C888953-B854-44E4-889D-05FBB903B348}.Ad-Hoc|iPhone.ActiveCfg = Release|Any CPU
		{7C888953-B854-44E4-889D-05FBB903B348}.Ad-Hoc|iPhoneSimulator.ActiveCfg = Release|Any CPU
		{7C888953-B854-44E4-889D-05FBB903B348}.Ad-Hoc|Mixed Platforms.ActiveCfg = Release|x86
		{7C888953-B854-44E4-889D-05FBB903B348}.Ad-Hoc|Mixed Platforms.Build.0 = Release|x86
		{7C888953-B854-44E4-889D-05FBB903B348}.Ad-Hoc|Mixed Platforms.Deploy.0 = Release|x86
		{7C888953-B854-44E4-889D-05FBB903B348}.Ad-Hoc|x86.ActiveCfg = Release|x86
		{7C888953-B854-44E4-889D-05FBB903B348}.Ad-Hoc|x86.Build.0 = Release|x86
		{7C888953-B854-44E4-889D-05FBB903B348}.Ad-Hoc|x86.Deploy.0 = Release|x86
		{7C888953-B854-44E4-889D-05FBB903B348}.AppStore|Any CPU.ActiveCfg = Release|Any CPU
		{7C888953-B854-44E4-889D-05FBB903B348}.AppStore|Any CPU.Build.0 = Release|Any CPU
		{7C888953-B854-44E4-889D-05FBB903B348}.AppStore|Any CPU.Deploy.0 = Release|Any CPU
		{7C888953-B854-44E4-889D-05FBB903B348}.AppStore|ARM.ActiveCfg = Release|ARM
		{7C888953-B854-44E4-889D-05FBB903B348}.AppStore|ARM.Build.0 = Release|ARM
		{7C888953-B854-44E4-889D-05FBB903B348}.AppStore|ARM.Deploy.0 = Release|ARM
		{7C888953-B854-44E4-889D-05FBB903B348}.AppStore|iPhone.ActiveCfg = Release|Any CPU
		{7C888953-B854-44E4-889D-05FBB903B348}.AppStore|iPhoneSimulator.ActiveCfg = Release|Any CPU
		{7C888953-B854-44E4-889D-05FBB903B348}.AppStore|Mixed Platforms.ActiveCfg = Release|x86
		{7C888953-B854-44E4-889D-05FBB903B348}.AppStore|Mixed Platforms.Build.0 = Release|x86
		{7C888953-B854-44E4-889D-05FBB903B348}.AppStore|Mixed Platforms.Deploy.0 = Release|x86
		{7C888953-B854-44E4-889D-05FBB903B348}.AppStore|x86.ActiveCfg = Release|x86
		{7C888953-B854-44E4-889D-05FBB903B348}.AppStore|x86.Build.0 = Release|x86
		{7C888953-B854-44E4-889D-05FBB903B348}.AppStore|x86.Deploy.0 = Release|x86
		{7C888953-B854-44E4-889D-05FBB903B348}.Debug|Any CPU.ActiveCfg = Debug|Any CPU
		{7C888953-B854-44E4-889D-05FBB903B348}.Debug|Any CPU.Build.0 = Debug|Any CPU
		{7C888953-B854-44E4-889D-05FBB903B348}.Debug|Any CPU.Deploy.0 = Debug|Any CPU
		{7C888953-B854-44E4-889D-05FBB903B348}.Debug|ARM.ActiveCfg = Debug|ARM
		{7C888953-B854-44E4-889D-05FBB903B348}.Debug|ARM.Build.0 = Debug|ARM
		{7C888953-B854-44E4-889D-05FBB903B348}.Debug|ARM.Deploy.0 = Debug|ARM
		{7C888953-B854-44E4-889D-05FBB903B348}.Debug|iPhone.ActiveCfg = Debug|Any CPU
		{7C888953-B854-44E4-889D-05FBB903B348}.Debug|iPhoneSimulator.ActiveCfg = Debug|Any CPU
		{7C888953-B854-44E4-889D-05FBB903B348}.Debug|Mixed Platforms.ActiveCfg = Debug|x86
		{7C888953-B854-44E4-889D-05FBB903B348}.Debug|Mixed Platforms.Build.0 = Debug|x86
		{7C888953-B854-44E4-889D-05FBB903B348}.Debug|Mixed Platforms.Deploy.0 = Debug|x86
		{7C888953-B854-44E4-889D-05FBB903B348}.Debug|x86.ActiveCfg = Debug|x86
		{7C888953-B854-44E4-889D-05FBB903B348}.Debug|x86.Build.0 = Debug|x86
		{7C888953-B854-44E4-889D-05FBB903B348}.Debug|x86.Deploy.0 = Debug|x86
		{7C888953-B854-44E4-889D-05FBB903B348}.Release|Any CPU.ActiveCfg = Release|Any CPU
		{7C888953-B854-44E4-889D-05FBB903B348}.Release|Any CPU.Build.0 = Release|Any CPU
		{7C888953-B854-44E4-889D-05FBB903B348}.Release|Any CPU.Deploy.0 = Release|Any CPU
		{7C888953-B854-44E4-889D-05FBB903B348}.Release|ARM.ActiveCfg = Release|ARM
		{7C888953-B854-44E4-889D-05FBB903B348}.Release|ARM.Build.0 = Release|ARM
		{7C888953-B854-44E4-889D-05FBB903B348}.Release|ARM.Deploy.0 = Release|ARM
		{7C888953-B854-44E4-889D-05FBB903B348}.Release|iPhone.ActiveCfg = Release|Any CPU
		{7C888953-B854-44E4-889D-05FBB903B348}.Release|iPhoneSimulator.ActiveCfg = Release|Any CPU
		{7C888953-B854-44E4-889D-05FBB903B348}.Release|Mixed Platforms.ActiveCfg = Release|x86
		{7C888953-B854-44E4-889D-05FBB903B348}.Release|Mixed Platforms.Build.0 = Release|x86
		{7C888953-B854-44E4-889D-05FBB903B348}.Release|Mixed Platforms.Deploy.0 = Release|x86
		{7C888953-B854-44E4-889D-05FBB903B348}.Release|x86.ActiveCfg = Release|x86
		{7C888953-B854-44E4-889D-05FBB903B348}.Release|x86.Build.0 = Release|x86
		{7C888953-B854-44E4-889D-05FBB903B348}.Release|x86.Deploy.0 = Release|x86
	EndGlobalSection
	GlobalSection(SolutionProperties) = preSolution
		HideSolutionNode = FALSE
	EndGlobalSection
EndGlobal
